// !$*UTF8*$!
{
	archiveVersion = 1;
	classes = {
	};
	objectVersion = 56;
	objects = {

/* Begin PBXBuildFile section */
		F42AD1E02AC5A5B800AA0AED /* AppDelegate.swift in Sources */ = {isa = PBXBuildFile; fileRef = F42AD1DF2AC5A5B800AA0AED /* AppDelegate.swift */; };
		F42AD1E22AC5A5B800AA0AED /* SceneDelegate.swift in Sources */ = {isa = PBXBuildFile; fileRef = F42AD1E12AC5A5B800AA0AED /* SceneDelegate.swift */; };
		F42AD1E72AC5A5B800AA0AED /* Main.storyboard in Resources */ = {isa = PBXBuildFile; fileRef = F42AD1E52AC5A5B800AA0AED /* Main.storyboard */; };
		F42AD1E92AC5A5B900AA0AED /* Assets.xcassets in Resources */ = {isa = PBXBuildFile; fileRef = F42AD1E82AC5A5B900AA0AED /* Assets.xcassets */; };
		F42AD1EC2AC5A5B900AA0AED /* LaunchScreen.storyboard in Resources */ = {isa = PBXBuildFile; fileRef = F42AD1EA2AC5A5B900AA0AED /* LaunchScreen.storyboard */; };
		F42AD1F42AC5A6D500AA0AED /* ListTVC.swift in Sources */ = {isa = PBXBuildFile; fileRef = F42AD1F32AC5A6D500AA0AED /* ListTVC.swift */; };
		F42AD1F62AC5ACD000AA0AED /* TextPicker.swift in Sources */ = {isa = PBXBuildFile; fileRef = F42AD1F52AC5ACD000AA0AED /* TextPicker.swift */; };
		F42AD1F92AC5B2BC00AA0AED /* Model.swift in Sources */ = {isa = PBXBuildFile; fileRef = F42AD1F82AC5B2BC00AA0AED /* Model.swift */; };
/* End PBXBuildFile section */

/* Begin PBXFileReference section */
		F42AD1DC2AC5A5B800AA0AED /* ToDoList.app */ = {isa = PBXFileReference; explicitFileType = wrapper.application; includeInIndex = 0; path = ToDoList.app; sourceTree = BUILT_PRODUCTS_DIR; };
		F42AD1DF2AC5A5B800AA0AED /* AppDelegate.swift */ = {isa = PBXFileReference; lastKnownFileType = sourcecode.swift; path = AppDelegate.swift; sourceTree = "<group>"; };
		F42AD1E12AC5A5B800AA0AED /* SceneDelegate.swift */ = {isa = PBXFileReference; lastKnownFileType = sourcecode.swift; path = SceneDelegate.swift; sourceTree = "<group>"; };
		F42AD1E62AC5A5B800AA0AED /* Base */ = {isa = PBXFileReference; lastKnownFileType = file.storyboard; name = Base; path = Base.lproj/Main.storyboard; sourceTree = "<group>"; };
		F42AD1E82AC5A5B900AA0AED /* Assets.xcassets */ = {isa = PBXFileReference; lastKnownFileType = folder.assetcatalog; path = Assets.xcassets; sourceTree = "<group>"; };
		F42AD1EB2AC5A5B900AA0AED /* Base */ = {isa = PBXFileReference; lastKnownFileType = file.storyboard; name = Base; path = Base.lproj/LaunchScreen.storyboard; sourceTree = "<group>"; };
		F42AD1ED2AC5A5B900AA0AED /* Info.plist */ = {isa = PBXFileReference; lastKnownFileType = text.plist.xml; path = Info.plist; sourceTree = "<group>"; };
		F42AD1F32AC5A6D500AA0AED /* ListTVC.swift */ = {isa = PBXFileReference; lastKnownFileType = sourcecode.swift; path = ListTVC.swift; sourceTree = "<group>"; };
		F42AD1F52AC5ACD000AA0AED /* TextPicker.swift */ = {isa = PBXFileReference; lastKnownFileType = sourcecode.swift; path = TextPicker.swift; sourceTree = "<group>"; };
		F42AD1F82AC5B2BC00AA0AED /* Model.swift */ = {isa = PBXFileReference; lastKnownFileType = sourcecode.swift; path = Model.swift; sourceTree = "<group>"; };
/* End PBXFileReference section */

/* Begin PBXFrameworksBuildPhase section */
		F42AD1D92AC5A5B800AA0AED /* Frameworks */ = {
			isa = PBXFrameworksBuildPhase;
			buildActionMask = 2147483647;
			files = (
			);
			runOnlyForDeploymentPostprocessing = 0;
		};
/* End PBXFrameworksBuildPhase section */

/* Begin PBXGroup section */
		F42AD1D32AC5A5B700AA0AED = {
			isa = PBXGroup;
			children = (
				F42AD1DE2AC5A5B800AA0AED /* ToDoList */,
				F42AD1ED2AC5A5B900AA0AED /* Info.plist */,
				F42AD1DD2AC5A5B800AA0AED /* Products */,
			);
			sourceTree = "<group>";
		};
		F42AD1DD2AC5A5B800AA0AED /* Products */ = {
			isa = PBXGroup;
			children = (
				F42AD1DC2AC5A5B800AA0AED /* ToDoList.app */,
			);
			name = Products;
			sourceTree = "<group>";
		};
		F42AD1DE2AC5A5B800AA0AED /* ToDoList */ = {
			isa = PBXGroup;
			children = (
				F42AD1FA2AC5BE8900AA0AED /* App */,
				F42AD1FD2AC5C52400AA0AED /* Controllers */,
				F42AD1F72AC5B2A700AA0AED /* Models */,
				F42AD1FB2AC5C0F000AA0AED /* Views */,
				F42AD1FC2AC5C11B00AA0AED /* Resources */,
			);
			path = ToDoList;
			sourceTree = "<group>";
		};
		F42AD1F72AC5B2A700AA0AED /* Models */ = {
			isa = PBXGroup;
			children = (
				F42AD1F82AC5B2BC00AA0AED /* Model.swift */,
			);
			path = Models;
			sourceTree = "<group>";
		};
		F42AD1FA2AC5BE8900AA0AED /* App */ = {
			isa = PBXGroup;
			children = (
				F42AD1E12AC5A5B800AA0AED /* SceneDelegate.swift */,
				F42AD1DF2AC5A5B800AA0AED /* AppDelegate.swift */,
			);
			path = App;
			sourceTree = "<group>";
		};
		F42AD1FB2AC5C0F000AA0AED /* Views */ = {
			isa = PBXGroup;
			children = (
				F42AD1E52AC5A5B800AA0AED /* Main.storyboard */,
				F42AD1EA2AC5A5B900AA0AED /* LaunchScreen.storyboard */,
			);
			path = Views;
			sourceTree = "<group>";
		};
		F42AD1FC2AC5C11B00AA0AED /* Resources */ = {
			isa = PBXGroup;
			children = (
				F42AD1E82AC5A5B900AA0AED /* Assets.xcassets */,
			);
			path = Resources;
			sourceTree = "<group>";
		};
		F42AD1FD2AC5C52400AA0AED /* Controllers */ = {
			isa = PBXGroup;
			children = (
				F42AD1F32AC5A6D500AA0AED /* ListTVC.swift */,
				F42AD1F52AC5ACD000AA0AED /* TextPicker.swift */,
			);
			path = Controllers;
			sourceTree = "<group>";
		};
/* End PBXGroup section */

/* Begin PBXNativeTarget section */
		F42AD1DB2AC5A5B800AA0AED /* ToDoList */ = {
			isa = PBXNativeTarget;
			buildConfigurationList = F42AD1F02AC5A5B900AA0AED /* Build configuration list for PBXNativeTarget "ToDoList" */;
			buildPhases = (
				F42AD1D82AC5A5B800AA0AED /* Sources */,
				F42AD1D92AC5A5B800AA0AED /* Frameworks */,
				F42AD1DA2AC5A5B800AA0AED /* Resources */,
			);
			buildRules = (
			);
			dependencies = (
			);
			name = ToDoList;
			productName = ToDoList;
			productReference = F42AD1DC2AC5A5B800AA0AED /* ToDoList.app */;
			productType = "com.apple.product-type.application";
		};
/* End PBXNativeTarget section */

/* Begin PBXProject section */
		F42AD1D42AC5A5B700AA0AED /* Project object */ = {
			isa = PBXProject;
			attributes = {
				BuildIndependentTargetsInParallel = 1;
				LastSwiftUpdateCheck = 1500;
				LastUpgradeCheck = 1500;
				TargetAttributes = {
					F42AD1DB2AC5A5B800AA0AED = {
						CreatedOnToolsVersion = 15.0;
					};
				};
			};
			buildConfigurationList = F42AD1D72AC5A5B700AA0AED /* Build configuration list for PBXProject "ToDoList" */;
			compatibilityVersion = "Xcode 14.0";
			developmentRegion = en;
			hasScannedForEncodings = 0;
			knownRegions = (
				en,
				Base,
			);
			mainGroup = F42AD1D32AC5A5B700AA0AED;
			productRefGroup = F42AD1DD2AC5A5B800AA0AED /* Products */;
			projectDirPath = "";
			projectRoot = "";
			targets = (
				F42AD1DB2AC5A5B800AA0AED /* ToDoList */,
			);
		};
/* End PBXProject section */

/* Begin PBXResourcesBuildPhase section */
		F42AD1DA2AC5A5B800AA0AED /* Resources */ = {
			isa = PBXResourcesBuildPhase;
			buildActionMask = 2147483647;
			files = (
				F42AD1EC2AC5A5B900AA0AED /* LaunchScreen.storyboard in Resources */,
				F42AD1E92AC5A5B900AA0AED /* Assets.xcassets in Resources */,
				F42AD1E72AC5A5B800AA0AED /* Main.storyboard in Resources */,
			);
			runOnlyForDeploymentPostprocessing = 0;
		};
/* End PBXResourcesBuildPhase section */

/* Begin PBXSourcesBuildPhase section */
		F42AD1D82AC5A5B800AA0AED /* Sources */ = {
			isa = PBXSourcesBuildPhase;
			buildActionMask = 2147483647;
			files = (
				F42AD1F92AC5B2BC00AA0AED /* Model.swift in Sources */,
				F42AD1F42AC5A6D500AA0AED /* ListTVC.swift in Sources */,
				F42AD1E02AC5A5B800AA0AED /* AppDelegate.swift in Sources */,
				F42AD1F62AC5ACD000AA0AED /* TextPicker.swift in Sources */,
				F42AD1E22AC5A5B800AA0AED /* SceneDelegate.swift in Sources */,
			);
			runOnlyForDeploymentPostprocessing = 0;
		};
/* End PBXSourcesBuildPhase section */

/* Begin PBXVariantGroup section */
		F42AD1E52AC5A5B800AA0AED /* Main.storyboard */ = {
			isa = PBXVariantGroup;
			children = (
				F42AD1E62AC5A5B800AA0AED /* Base */,
			);
			name = Main.storyboard;
			sourceTree = "<group>";
		};
		F42AD1EA2AC5A5B900AA0AED /* LaunchScreen.storyboard */ = {
			isa = PBXVariantGroup;
			children = (
				F42AD1EB2AC5A5B900AA0AED /* Base */,
			);
			name = LaunchScreen.storyboard;
			sourceTree = "<group>";
		};
/* End PBXVariantGroup section */

/* Begin XCBuildConfiguration section */
		F42AD1EE2AC5A5B900AA0AED /* Debug */ = {
			isa = XCBuildConfiguration;
			buildSettings = {
				ALWAYS_SEARCH_USER_PATHS = NO;
				ASSETCATALOG_COMPILER_GENERATE_SWIFT_ASSET_SYMBOL_EXTENSIONS = YES;
				CLANG_ANALYZER_NONNULL = YES;
				CLANG_ANALYZER_NUMBER_OBJECT_CONVERSION = YES_AGGRESSIVE;
				CLANG_CXX_LANGUAGE_STANDARD = "gnu++20";
				CLANG_ENABLE_MODULES = YES;
				CLANG_ENABLE_OBJC_ARC = YES;
				CLANG_ENABLE_OBJC_WEAK = YES;
				CLANG_WARN_BLOCK_CAPTURE_AUTORELEASING = YES;
				CLANG_WARN_BOOL_CONVERSION = YES;
				CLANG_WARN_COMMA = YES;
				CLANG_WARN_CONSTANT_CONVERSION = YES;
				CLANG_WARN_DEPRECATED_OBJC_IMPLEMENTATIONS = YES;
				CLANG_WARN_DIRECT_OBJC_ISA_USAGE = YES_ERROR;
				CLANG_WARN_DOCUMENTATION_COMMENTS = YES;
				CLANG_WARN_EMPTY_BODY = YES;
				CLANG_WARN_ENUM_CONVERSION = YES;
				CLANG_WARN_INFINITE_RECURSION = YES;
				CLANG_WARN_INT_CONVERSION = YES;
				CLANG_WARN_NON_LITERAL_NULL_CONVERSION = YES;
				CLANG_WARN_OBJC_IMPLICIT_RETAIN_SELF = YES;
				CLANG_WARN_OBJC_LITERAL_CONVERSION = YES;
				CLANG_WARN_OBJC_ROOT_CLASS = YES_ERROR;
				CLANG_WARN_QUOTED_INCLUDE_IN_FRAMEWORK_HEADER = YES;
				CLANG_WARN_RANGE_LOOP_ANALYSIS = YES;
				CLANG_WARN_STRICT_PROTOTYPES = YES;
				CLANG_WARN_SUSPICIOUS_MOVE = YES;
				CLANG_WARN_UNGUARDED_AVAILABILITY = YES_AGGRESSIVE;
				CLANG_WARN_UNREACHABLE_CODE = YES;
				CLANG_WARN__DUPLICATE_METHOD_MATCH = YES;
				COPY_PHASE_STRIP = NO;
				DEBUG_INFORMATION_FORMAT = dwarf;
				ENABLE_STRICT_OBJC_MSGSEND = YES;
				ENABLE_TESTABILITY = YES;
				ENABLE_USER_SCRIPT_SANDBOXING = YES;
				GCC_C_LANGUAGE_STANDARD = gnu17;
				GCC_DYNAMIC_NO_PIC = NO;
				GCC_NO_COMMON_BLOCKS = YES;
				GCC_OPTIMIZATION_LEVEL = 0;
				GCC_PREPROCESSOR_DEFINITIONS = (
					"DEBUG=1",
					"$(inherited)",
				);
				GCC_WARN_64_TO_32_BIT_CONVERSION = YES;
				GCC_WARN_ABOUT_RETURN_TYPE = YES_ERROR;
				GCC_WARN_UNDECLARED_SELECTOR = YES;
				GCC_WARN_UNINITIALIZED_AUTOS = YES_AGGRESSIVE;
				GCC_WARN_UNUSED_FUNCTION = YES;
				GCC_WARN_UNUSED_VARIABLE = YES;
				IPHONEOS_DEPLOYMENT_TARGET = 17.0;
				LOCALIZATION_PREFERS_STRING_CATALOGS = YES;
				MTL_ENABLE_DEBUG_INFO = INCLUDE_SOURCE;
				MTL_FAST_MATH = YES;
				ONLY_ACTIVE_ARCH = YES;
				SDKROOT = iphoneos;
				SWIFT_ACTIVE_COMPILATION_CONDITIONS = "DEBUG $(inherited)";
				SWIFT_OPTIMIZATION_LEVEL = "-Onone";
			};
			name = Debug;
		};
		F42AD1EF2AC5A5B900AA0AED /* Release */ = {
			isa = XCBuildConfiguration;
			buildSettings = {
				ALWAYS_SEARCH_USER_PATHS = NO;
				ASSETCATALOG_COMPILER_GENERATE_SWIFT_ASSET_SYMBOL_EXTENSIONS = YES;
				CLANG_ANALYZER_NONNULL = YES;
				CLANG_ANALYZER_NUMBER_OBJECT_CONVERSION = YES_AGGRESSIVE;
				CLANG_CXX_LANGUAGE_STANDARD = "gnu++20";
				CLANG_ENABLE_MODULES = YES;
				CLANG_ENABLE_OBJC_ARC = YES;
				CLANG_ENABLE_OBJC_WEAK = YES;
				CLANG_WARN_BLOCK_CAPTURE_AUTORELEASING = YES;
				CLANG_WARN_BOOL_CONVERSION = YES;
				CLANG_WARN_COMMA = YES;
				CLANG_WARN_CONSTANT_CONVERSION = YES;
				CLANG_WARN_DEPRECATED_OBJC_IMPLEMENTATIONS = YES;
				CLANG_WARN_DIRECT_OBJC_ISA_USAGE = YES_ERROR;
				CLANG_WARN_DOCUMENTATION_COMMENTS = YES;
				CLANG_WARN_EMPTY_BODY = YES;
				CLANG_WARN_ENUM_CONVERSION = YES;
				CLANG_WARN_INFINITE_RECURSION = YES;
				CLANG_WARN_INT_CONVERSION = YES;
				CLANG_WARN_NON_LITERAL_NULL_CONVERSION = YES;
				CLANG_WARN_OBJC_IMPLICIT_RETAIN_SELF = YES;
				CLANG_WARN_OBJC_LITERAL_CONVERSION = YES;
				CLANG_WARN_OBJC_ROOT_CLASS = YES_ERROR;
				CLANG_WARN_QUOTED_INCLUDE_IN_FRAMEWORK_HEADER = YES;
				CLANG_WARN_RANGE_LOOP_ANALYSIS = YES;
				CLANG_WARN_STRICT_PROTOTYPES = YES;
				CLANG_WARN_SUSPICIOUS_MOVE = YES;
				CLANG_WARN_UNGUARDED_AVAILABILITY = YES_AGGRESSIVE;
				CLANG_WARN_UNREACHABLE_CODE = YES;
				CLANG_WARN__DUPLICATE_METHOD_MATCH = YES;
				COPY_PHASE_STRIP = NO;
				DEBUG_INFORMATION_FORMAT = "dwarf-with-dsym";
				ENABLE_NS_ASSERTIONS = NO;
				ENABLE_STRICT_OBJC_MSGSEND = YES;
				ENABLE_USER_SCRIPT_SANDBOXING = YES;
				GCC_C_LANGUAGE_STANDARD = gnu17;
				GCC_NO_COMMON_BLOCKS = YES;
				GCC_WARN_64_TO_32_BIT_CONVERSION = YES;
				GCC_WARN_ABOUT_RETURN_TYPE = YES_ERROR;
				GCC_WARN_UNDECLARED_SELECTOR = YES;
				GCC_WARN_UNINITIALIZED_AUTOS = YES_AGGRESSIVE;
				GCC_WARN_UNUSED_FUNCTION = YES;
				GCC_WARN_UNUSED_VARIABLE = YES;
				IPHONEOS_DEPLOYMENT_TARGET = 17.0;
				LOCALIZATION_PREFERS_STRING_CATALOGS = YES;
				MTL_ENABLE_DEBUG_INFO = NO;
				MTL_FAST_MATH = YES;
				SDKROOT = iphoneos;
				SWIFT_COMPILATION_MODE = wholemodule;
				VALIDATE_PRODUCT = YES;
			};
			name = Release;
		};
		F42AD1F12AC5A5B900AA0AED /* Debug */ = {
			isa = XCBuildConfiguration;
			buildSettings = {
				ASSETCATALOG_COMPILER_APPICON_NAME = AppIcon;
				ASSETCATALOG_COMPILER_GLOBAL_ACCENT_COLOR_NAME = AccentColor;
				CODE_SIGN_STYLE = Automatic;
				CURRENT_PROJECT_VERSION = 1;
				DEVELOPMENT_TEAM = 94FVSLY3WZ;
				GENERATE_INFOPLIST_FILE = YES;
				INFOPLIST_FILE = ToDoList/Info.plist;
				INFOPLIST_KEY_UIApplicationSupportsIndirectInputEvents = YES;
				INFOPLIST_KEY_UILaunchStoryboardName = LaunchScreen;
				INFOPLIST_KEY_UIMainStoryboardFile = Main;
				INFOPLIST_KEY_UISupportedInterfaceOrientations_iPad = "UIInterfaceOrientationPortrait UIInterfaceOrientationPortraitUpsideDown UIInterfaceOrientationLandscapeLeft UIInterfaceOrientationLandscapeRight";
				INFOPLIST_KEY_UISupportedInterfaceOrientations_iPhone = "UIInterfaceOrientationPortrait UIInterfaceOrientationLandscapeLeft UIInterfaceOrientationLandscapeRight";
				LD_RUNPATH_SEARCH_PATHS = (
					"$(inherited)",
					"@executable_path/Frameworks",
				);
				MARKETING_VERSION = 1.0;
				PRODUCT_BUNDLE_IDENTIFIER = by.sanches.ToDoList;
				PRODUCT_NAME = "$(TARGET_NAME)";
				SWIFT_EMIT_LOC_STRINGS = YES;
				SWIFT_VERSION = 5.0;
				TARGETED_DEVICE_FAMILY = "1,2";
			};
			name = Debug;
		};
		F42AD1F22AC5A5B900AA0AED /* Release */ = {
			isa = XCBuildConfiguration;
			buildSettings = {
				ASSETCATALOG_COMPILER_APPICON_NAME = AppIcon;
				ASSETCATALOG_COMPILER_GLOBAL_ACCENT_COLOR_NAME = AccentColor;
				CODE_SIGN_STYLE = Automatic;
				CURRENT_PROJECT_VERSION = 1;
				DEVELOPMENT_TEAM = 94FVSLY3WZ;
				GENERATE_INFOPLIST_FILE = YES;
				INFOPLIST_FILE = ToDoList/Info.plist;
				INFOPLIST_KEY_UIApplicationSupportsIndirectInputEvents = YES;
				INFOPLIST_KEY_UILaunchStoryboardName = LaunchScreen;
				INFOPLIST_KEY_UIMainStoryboardFile = Main;
				INFOPLIST_KEY_UISupportedInterfaceOrientations_iPad = "UIInterfaceOrientationPortrait UIInterfaceOrientationPortraitUpsideDown UIInterfaceOrientationLandscapeLeft UIInterfaceOrientationLandscapeRight";
				INFOPLIST_KEY_UISupportedInterfaceOrientations_iPhone = "UIInterfaceOrientationPortrait UIInterfaceOrientationLandscapeLeft UIInterfaceOrientationLandscapeRight";
				LD_RUNPATH_SEARCH_PATHS = (
					"$(inherited)",
					"@executable_path/Frameworks",
				);
				MARKETING_VERSION = 1.0;
				PRODUCT_BUNDLE_IDENTIFIER = by.sanches.ToDoList;
				PRODUCT_NAME = "$(TARGET_NAME)";
				SWIFT_EMIT_LOC_STRINGS = YES;
				SWIFT_VERSION = 5.0;
				TARGETED_DEVICE_FAMILY = "1,2";
			};
			name = Release;
		};
/* End XCBuildConfiguration section */

/* Begin XCConfigurationList section */
		F42AD1D72AC5A5B700AA0AED /* Build configuration list for PBXProject "ToDoList" */ = {
			isa = XCConfigurationList;
			buildConfigurations = (
				F42AD1EE2AC5A5B900AA0AED /* Debug */,
				F42AD1EF2AC5A5B900AA0AED /* Release */,
			);
			defaultConfigurationIsVisible = 0;
			defaultConfigurationName = Release;
		};
		F42AD1F02AC5A5B900AA0AED /* Build configuration list for PBXNativeTarget "ToDoList" */ = {
			isa = XCConfigurationList;
			buildConfigurations = (
				F42AD1F12AC5A5B900AA0AED /* Debug */,
				F42AD1F22AC5A5B900AA0AED /* Release */,
			);
			defaultConfigurationIsVisible = 0;
			defaultConfigurationName = Release;
		};
/* End XCConfigurationList section */
	};
	rootObject = F42AD1D42AC5A5B700AA0AED /* Project object */;
}
